
Microsoft Visual Studio Solution File, Format Version 12.00
# Visual Studio Version 16
VisualStudioVersion = 16.0.31729.503
MinimumVisualStudioVersion = 10.0.40219.1
Project("{9A19103F-16F7-4668-BE54-9A1E7A4F7556}") = "cineweb_movies_api", "cineweb_movies_api.csproj", "{6753E509-2FDF-4D45-817F-8B0D893D0BD5}"
EndProject
Global
	GlobalSection(SolutionConfigurationPlatforms) = preSolution
		Debug|Any CPU = Debug|Any CPU
		Release|Any CPU = Release|Any CPU
	EndGlobalSection
	GlobalSection(ProjectConfigurationPlatforms) = postSolution
		{6753E509-2FDF-4D45-817F-8B0D893D0BD5}.Debug|Any CPU.ActiveCfg = Debug|Any CPU
		{6753E509-2FDF-4D45-817F-8B0D893D0BD5}.Debug|Any CPU.Build.0 = Debug|Any CPU
		{6753E509-2FDF-4D45-817F-8B0D893D0BD5}.Release|Any CPU.ActiveCfg = Release|Any CPU
		{6753E509-2FDF-4D45-817F-8B0D893D0BD5}.Release|Any CPU.Build.0 = Release|Any CPU
	EndGlobalSection
	GlobalSection(SolutionProperties) = preSolution
		HideSolutionNode = FALSE
	EndGlobalSection
	GlobalSection(ExtensibilityGlobals) = postSolution
		SolutionGuid = {6FB7E3E9-E50F-4BFF-A7EC-E0FE6B5BBB26}
	EndGlobalSection
EndGlobal
